// !$*UTF8*$!
{
	archiveVersion = 1;
	classes = {
	};
	objectVersion = 50;
	objects = {

/* Begin PBXBuildFile section */
		214D0F5225CC9FC00065636A /* VFHostApp.swift in Sources */ = {isa = PBXBuildFile; fileRef = 214D0F5125CC9FC00065636A /* VFHostApp.swift */; };
		214D0F5425CC9FC00065636A /* ContentView.swift in Sources */ = {isa = PBXBuildFile; fileRef = 214D0F5325CC9FC00065636A /* ContentView.swift */; };
		214D0F5625CC9FC10065636A /* Assets.xcassets in Resources */ = {isa = PBXBuildFile; fileRef = 214D0F5525CC9FC10065636A /* Assets.xcassets */; };
		214D0F5925CC9FC10065636A /* Preview Assets.xcassets in Resources */ = {isa = PBXBuildFile; fileRef = 214D0F5825CC9FC10065636A /* Preview Assets.xcassets */; };
		214D0F6325CCA1850065636A /* VirtualMachine.swift in Sources */ = {isa = PBXBuildFile; fileRef = 214D0F6225CCA1850065636A /* VirtualMachine.swift */; };
		21F49D3325CE67BB00612858 /* ManagedMode.swift in Sources */ = {isa = PBXBuildFile; fileRef = 21F49D3225CE67BB00612858 /* ManagedMode.swift */; };
		21F49D3625CE727A00612858 /* DownloadURLs.plist in Resources */ = {isa = PBXBuildFile; fileRef = 21F49D3525CE727A00612858 /* DownloadURLs.plist */; };
/* End PBXBuildFile section */

/* Begin PBXFileReference section */
		214D0F4E25CC9FC00065636A /* VFHost.app */ = {isa = PBXFileReference; explicitFileType = wrapper.application; includeInIndex = 0; path = VFHost.app; sourceTree = BUILT_PRODUCTS_DIR; };
		214D0F5125CC9FC00065636A /* VFHostApp.swift */ = {isa = PBXFileReference; lastKnownFileType = sourcecode.swift; path = VFHostApp.swift; sourceTree = "<group>"; };
		214D0F5325CC9FC00065636A /* ContentView.swift */ = {isa = PBXFileReference; lastKnownFileType = sourcecode.swift; path = ContentView.swift; sourceTree = "<group>"; };
		214D0F5525CC9FC10065636A /* Assets.xcassets */ = {isa = PBXFileReference; lastKnownFileType = folder.assetcatalog; path = Assets.xcassets; sourceTree = "<group>"; };
		214D0F5825CC9FC10065636A /* Preview Assets.xcassets */ = {isa = PBXFileReference; lastKnownFileType = folder.assetcatalog; path = "Preview Assets.xcassets"; sourceTree = "<group>"; };
		214D0F5A25CC9FC10065636A /* Info.plist */ = {isa = PBXFileReference; lastKnownFileType = text.plist.xml; path = Info.plist; sourceTree = "<group>"; };
		214D0F5B25CC9FC10065636A /* VFHost.entitlements */ = {isa = PBXFileReference; lastKnownFileType = text.plist.entitlements; path = VFHost.entitlements; sourceTree = "<group>"; };
		214D0F6225CCA1850065636A /* VirtualMachine.swift */ = {isa = PBXFileReference; lastKnownFileType = sourcecode.swift; path = VirtualMachine.swift; sourceTree = "<group>"; };
		21F49D3225CE67BB00612858 /* ManagedMode.swift */ = {isa = PBXFileReference; lastKnownFileType = sourcecode.swift; path = ManagedMode.swift; sourceTree = "<group>"; };
		21F49D3525CE727A00612858 /* DownloadURLs.plist */ = {isa = PBXFileReference; lastKnownFileType = text.plist.xml; path = DownloadURLs.plist; sourceTree = "<group>"; };
/* End PBXFileReference section */

/* Begin PBXFrameworksBuildPhase section */
		214D0F4B25CC9FC00065636A /* Frameworks */ = {
			isa = PBXFrameworksBuildPhase;
			buildActionMask = 2147483647;
			files = (
			);
			runOnlyForDeploymentPostprocessing = 0;
		};
/* End PBXFrameworksBuildPhase section */

/* Begin PBXGroup section */
		214D0F4525CC9FC00065636A = {
			isa = PBXGroup;
			children = (
				214D0F5025CC9FC00065636A /* VFHost */,
				214D0F4F25CC9FC00065636A /* Products */,
			);
			sourceTree = "<group>";
		};
		214D0F4F25CC9FC00065636A /* Products */ = {
			isa = PBXGroup;
			children = (
				214D0F4E25CC9FC00065636A /* VFHost.app */,
			);
			name = Products;
			sourceTree = "<group>";
		};
		214D0F5025CC9FC00065636A /* VFHost */ = {
			isa = PBXGroup;
			children = (
				214D0F5125CC9FC00065636A /* VFHostApp.swift */,
				214D0F5325CC9FC00065636A /* ContentView.swift */,
				214D0F6225CCA1850065636A /* VirtualMachine.swift */,
				21F49D3225CE67BB00612858 /* ManagedMode.swift */,
				21F49D3525CE727A00612858 /* DownloadURLs.plist */,
				214D0F5525CC9FC10065636A /* Assets.xcassets */,
				214D0F5A25CC9FC10065636A /* Info.plist */,
				214D0F5B25CC9FC10065636A /* VFHost.entitlements */,
				214D0F5725CC9FC10065636A /* Preview Content */,
			);
			path = VFHost;
			sourceTree = "<group>";
		};
		214D0F5725CC9FC10065636A /* Preview Content */ = {
			isa = PBXGroup;
			children = (
				214D0F5825CC9FC10065636A /* Preview Assets.xcassets */,
			);
			path = "Preview Content";
			sourceTree = "<group>";
		};
/* End PBXGroup section */

/* Begin PBXNativeTarget section */
		214D0F4D25CC9FC00065636A /* VFHost */ = {
			isa = PBXNativeTarget;
			buildConfigurationList = 214D0F5E25CC9FC10065636A /* Build configuration list for PBXNativeTarget "VFHost" */;
			buildPhases = (
				214D0F4A25CC9FC00065636A /* Sources */,
				214D0F4B25CC9FC00065636A /* Frameworks */,
				214D0F4C25CC9FC00065636A /* Resources */,
			);
			buildRules = (
			);
			dependencies = (
			);
			name = VFHost;
			productName = VFHost;
			productReference = 214D0F4E25CC9FC00065636A /* VFHost.app */;
			productType = "com.apple.product-type.application";
		};
/* End PBXNativeTarget section */

/* Begin PBXProject section */
		214D0F4625CC9FC00065636A /* Project object */ = {
			isa = PBXProject;
			attributes = {
				LastSwiftUpdateCheck = 1240;
				LastUpgradeCheck = 1240;
				TargetAttributes = {
					214D0F4D25CC9FC00065636A = {
						CreatedOnToolsVersion = 12.4;
					};
				};
			};
			buildConfigurationList = 214D0F4925CC9FC00065636A /* Build configuration list for PBXProject "VFHost" */;
			compatibilityVersion = "Xcode 9.3";
			developmentRegion = en;
			hasScannedForEncodings = 0;
			knownRegions = (
				en,
				Base,
			);
			mainGroup = 214D0F4525CC9FC00065636A;
			productRefGroup = 214D0F4F25CC9FC00065636A /* Products */;
			projectDirPath = "";
			projectRoot = "";
			targets = (
				214D0F4D25CC9FC00065636A /* VFHost */,
			);
		};
/* End PBXProject section */

/* Begin PBXResourcesBuildPhase section */
		214D0F4C25CC9FC00065636A /* Resources */ = {
			isa = PBXResourcesBuildPhase;
			buildActionMask = 2147483647;
			files = (
				21F49D3625CE727A00612858 /* DownloadURLs.plist in Resources */,
				214D0F5925CC9FC10065636A /* Preview Assets.xcassets in Resources */,
				214D0F5625CC9FC10065636A /* Assets.xcassets in Resources */,
			);
			runOnlyForDeploymentPostprocessing = 0;
		};
/* End PBXResourcesBuildPhase section */

/* Begin PBXSourcesBuildPhase section */
		214D0F4A25CC9FC00065636A /* Sources */ = {
			isa = PBXSourcesBuildPhase;
			buildActionMask = 2147483647;
			files = (
				21F49D3325CE67BB00612858 /* ManagedMode.swift in Sources */,
				214D0F5425CC9FC00065636A /* ContentView.swift in Sources */,
				214D0F6325CCA1850065636A /* VirtualMachine.swift in Sources */,
				214D0F5225CC9FC00065636A /* VFHostApp.swift in Sources */,
			);
			runOnlyForDeploymentPostprocessing = 0;
		};
/* End PBXSourcesBuildPhase section */

/* Begin XCBuildConfiguration section */
		214D0F5C25CC9FC10065636A /* Debug */ = {
			isa = XCBuildConfiguration;
			buildSettings = {
				ALWAYS_SEARCH_USER_PATHS = NO;
				CLANG_ANALYZER_NONNULL = YES;
				CLANG_ANALYZER_NUMBER_OBJECT_CONVERSION = YES_AGGRESSIVE;
				CLANG_CXX_LANGUAGE_STANDARD = "gnu++14";
				CLANG_CXX_LIBRARY = "libc++";
				CLANG_ENABLE_MODULES = YES;
				CLANG_ENABLE_OBJC_ARC = YES;
				CLANG_ENABLE_OBJC_WEAK = YES;
				CLANG_WARN_BLOCK_CAPTURE_AUTORELEASING = YES;
				CLANG_WARN_BOOL_CONVERSION = YES;
				CLANG_WARN_COMMA = YES;
				CLANG_WARN_CONSTANT_CONVERSION = YES;
				CLANG_WARN_DEPRECATED_OBJC_IMPLEMENTATIONS = YES;
				CLANG_WARN_DIRECT_OBJC_ISA_USAGE = YES_ERROR;
				CLANG_WARN_DOCUMENTATION_COMMENTS = YES;
				CLANG_WARN_EMPTY_BODY = YES;
				CLANG_WARN_ENUM_CONVERSION = YES;
				CLANG_WARN_INFINITE_RECURSION = YES;
				CLANG_WARN_INT_CONVERSION = YES;
				CLANG_WARN_NON_LITERAL_NULL_CONVERSION = YES;
				CLANG_WARN_OBJC_IMPLICIT_RETAIN_SELF = YES;
				CLANG_WARN_OBJC_LITERAL_CONVERSION = YES;
				CLANG_WARN_OBJC_ROOT_CLASS = YES_ERROR;
				CLANG_WARN_QUOTED_INCLUDE_IN_FRAMEWORK_HEADER = YES;
				CLANG_WARN_RANGE_LOOP_ANALYSIS = YES;
				CLANG_WARN_STRICT_PROTOTYPES = YES;
				CLANG_WARN_SUSPICIOUS_MOVE = YES;
				CLANG_WARN_UNGUARDED_AVAILABILITY = YES_AGGRESSIVE;
				CLANG_WARN_UNREACHABLE_CODE = YES;
				CLANG_WARN__DUPLICATE_METHOD_MATCH = YES;
				COPY_PHASE_STRIP = NO;
				DEBUG_INFORMATION_FORMAT = dwarf;
				ENABLE_STRICT_OBJC_MSGSEND = YES;
				ENABLE_TESTABILITY = YES;
				GCC_C_LANGUAGE_STANDARD = gnu11;
				GCC_DYNAMIC_NO_PIC = NO;
				GCC_NO_COMMON_BLOCKS = YES;
				GCC_OPTIMIZATION_LEVEL = 0;
				GCC_PREPROCESSOR_DEFINITIONS = (
					"DEBUG=1",
					"$(inherited)",
				);
				GCC_WARN_64_TO_32_BIT_CONVERSION = YES;
				GCC_WARN_ABOUT_RETURN_TYPE = YES_ERROR;
				GCC_WARN_UNDECLARED_SELECTOR = YES;
				GCC_WARN_UNINITIALIZED_AUTOS = YES_AGGRESSIVE;
				GCC_WARN_UNUSED_FUNCTION = YES;
				GCC_WARN_UNUSED_VARIABLE = YES;
				MACOSX_DEPLOYMENT_TARGET = 11.1;
				MTL_ENABLE_DEBUG_INFO = INCLUDE_SOURCE;
				MTL_FAST_MATH = YES;
				ONLY_ACTIVE_ARCH = YES;
				SDKROOT = macosx;
				SWIFT_ACTIVE_COMPILATION_CONDITIONS = DEBUG;
				SWIFT_OPTIMIZATION_LEVEL = "-Onone";
			};
			name = Debug;
		};
		214D0F5D25CC9FC10065636A /* Release */ = {
			isa = XCBuildConfiguration;
			buildSettings = {
				ALWAYS_SEARCH_USER_PATHS = NO;
				CLANG_ANALYZER_NONNULL = YES;
				CLANG_ANALYZER_NUMBER_OBJECT_CONVERSION = YES_AGGRESSIVE;
				CLANG_CXX_LANGUAGE_STANDARD = "gnu++14";
				CLANG_CXX_LIBRARY = "libc++";
				CLANG_ENABLE_MODULES = YES;
				CLANG_ENABLE_OBJC_ARC = YES;
				CLANG_ENABLE_OBJC_WEAK = YES;
				CLANG_WARN_BLOCK_CAPTURE_AUTORELEASING = YES;
				CLANG_WARN_BOOL_CONVERSION = YES;
				CLANG_WARN_COMMA = YES;
				CLANG_WARN_CONSTANT_CONVERSION = YES;
				CLANG_WARN_DEPRECATED_OBJC_IMPLEMENTATIONS = YES;
				CLANG_WARN_DIRECT_OBJC_ISA_USAGE = YES_ERROR;
				CLANG_WARN_DOCUMENTATION_COMMENTS = YES;
				CLANG_WARN_EMPTY_BODY = YES;
				CLANG_WARN_ENUM_CONVERSION = YES;
				CLANG_WARN_INFINITE_RECURSION = YES;
				CLANG_WARN_INT_CONVERSION = YES;
				CLANG_WARN_NON_LITERAL_NULL_CONVERSION = YES;
				CLANG_WARN_OBJC_IMPLICIT_RETAIN_SELF = YES;
				CLANG_WARN_OBJC_LITERAL_CONVERSION = YES;
				CLANG_WARN_OBJC_ROOT_CLASS = YES_ERROR;
				CLANG_WARN_QUOTED_INCLUDE_IN_FRAMEWORK_HEADER = YES;
				CLANG_WARN_RANGE_LOOP_ANALYSIS = YES;
				CLANG_WARN_STRICT_PROTOTYPES = YES;
				CLANG_WARN_SUSPICIOUS_MOVE = YES;
				CLANG_WARN_UNGUARDED_AVAILABILITY = YES_AGGRESSIVE;
				CLANG_WARN_UNREACHABLE_CODE = YES;
				CLANG_WARN__DUPLICATE_METHOD_MATCH = YES;
				COPY_PHASE_STRIP = NO;
				DEBUG_INFORMATION_FORMAT = "dwarf-with-dsym";
				ENABLE_NS_ASSERTIONS = NO;
				ENABLE_STRICT_OBJC_MSGSEND = YES;
				GCC_C_LANGUAGE_STANDARD = gnu11;
				GCC_NO_COMMON_BLOCKS = YES;
				GCC_WARN_64_TO_32_BIT_CONVERSION = YES;
				GCC_WARN_ABOUT_RETURN_TYPE = YES_ERROR;
				GCC_WARN_UNDECLARED_SELECTOR = YES;
				GCC_WARN_UNINITIALIZED_AUTOS = YES_AGGRESSIVE;
				GCC_WARN_UNUSED_FUNCTION = YES;
				GCC_WARN_UNUSED_VARIABLE = YES;
				MACOSX_DEPLOYMENT_TARGET = 11.1;
				MTL_ENABLE_DEBUG_INFO = NO;
				MTL_FAST_MATH = YES;
				SDKROOT = macosx;
				SWIFT_COMPILATION_MODE = wholemodule;
				SWIFT_OPTIMIZATION_LEVEL = "-O";
			};
			name = Release;
		};
		214D0F5F25CC9FC10065636A /* Debug */ = {
			isa = XCBuildConfiguration;
			buildSettings = {
				ASSETCATALOG_COMPILER_APPICON_NAME = AppIcon;
				ASSETCATALOG_COMPILER_GLOBAL_ACCENT_COLOR_NAME = AccentColor;
				CODE_SIGN_ENTITLEMENTS = VFHost/VFHost.entitlements;
				CODE_SIGN_IDENTITY = "Apple Development";
				CODE_SIGN_STYLE = Automatic;
				COMBINE_HIDPI_IMAGES = YES;
				CURRENT_PROJECT_VERSION = 11;
				DEVELOPMENT_ASSET_PATHS = "\"VFHost/Preview Content\"";
				DEVELOPMENT_TEAM = BE6Q2675KP;
				ENABLE_HARDENED_RUNTIME = YES;
				ENABLE_PREVIEWS = YES;
				INFOPLIST_FILE = VFHost/Info.plist;
				LD_RUNPATH_SEARCH_PATHS = (
					"$(inherited)",
					"@executable_path/../Frameworks",
				);
				MACOSX_DEPLOYMENT_TARGET = 11.0;
				MARKETING_VERSION = 0.2.2;
				PRODUCT_BUNDLE_IDENTIFIER = lol.jds.VFHost;
				PRODUCT_NAME = "$(TARGET_NAME)";
				SWIFT_VERSION = 5.0;
			};
			name = Debug;
		};
		214D0F6025CC9FC10065636A /* Release */ = {
			isa = XCBuildConfiguration;
			buildSettings = {
				ASSETCATALOG_COMPILER_APPICON_NAME = AppIcon;
				ASSETCATALOG_COMPILER_GLOBAL_ACCENT_COLOR_NAME = AccentColor;
				CODE_SIGN_ENTITLEMENTS = VFHost/VFHost.entitlements;
				CODE_SIGN_IDENTITY = "Apple Development";
				CODE_SIGN_STYLE = Automatic;
				COMBINE_HIDPI_IMAGES = YES;
				CURRENT_PROJECT_VERSION = 11;
				DEVELOPMENT_ASSET_PATHS = "\"VFHost/Preview Content\"";
				DEVELOPMENT_TEAM = BE6Q2675KP;
				ENABLE_HARDENED_RUNTIME = YES;
				ENABLE_PREVIEWS = YES;
				INFOPLIST_FILE = VFHost/Info.plist;
				LD_RUNPATH_SEARCH_PATHS = (
					"$(inherited)",
					"@executable_path/../Frameworks",
				);
				MACOSX_DEPLOYMENT_TARGET = 11.0;
				MARKETING_VERSION = 0.2.2;
				PRODUCT_BUNDLE_IDENTIFIER = lol.jds.VFHost;
				PRODUCT_NAME = "$(TARGET_NAME)";
				SWIFT_VERSION = 5.0;
			};
			name = Release;
		};
/* End XCBuildConfiguration section */

/* Begin XCConfigurationList section */
		214D0F4925CC9FC00065636A /* Build configuration list for PBXProject "VFHost" */ = {
			isa = XCConfigurationList;
			buildConfigurations = (
				214D0F5C25CC9FC10065636A /* Debug */,
				214D0F5D25CC9FC10065636A /* Release */,
			);
			defaultConfigurationIsVisible = 0;
			defaultConfigurationName = Release;
		};
		214D0F5E25CC9FC10065636A /* Build configuration list for PBXNativeTarget "VFHost" */ = {
			isa = XCConfigurationList;
			buildConfigurations = (
				214D0F5F25CC9FC10065636A /* Debug */,
				214D0F6025CC9FC10065636A /* Release */,
			);
			defaultConfigurationIsVisible = 0;
			defaultConfigurationName = Release;
		};
/* End XCConfigurationList section */
	};
	rootObject = 214D0F4625CC9FC00065636A /* Project object */;
}
